
Microsoft Visual Studio Solution File, Format Version 12.00
# Visual Studio Version 17
VisualStudioVersion = 17.3.32728.150
MinimumVisualStudioVersion = 10.0.40219.1
Project("{2150E333-8FDC-42A3-9474-1A3956D46DE8}") = "Platform", "Platform", "{12C01B6C-AE10-47F6-959A-13D3FDBE0FC1}"
EndProject
Project("{9A19103F-16F7-4668-BE54-9A1E7A4F7556}") = "Maml.Windows", "Platform\Maml.Windows\Maml.Windows.csproj", "{D72ACC65-DD46-4F24-BFD0-9195CB25614D}"
EndProject
Project("{9A19103F-16F7-4668-BE54-9A1E7A4F7556}") = "Maml.Wasm", "Platform\Maml.Wasm\Maml.Wasm.csproj", "{7AAA3E0A-67D8-4B68-BDEB-172AED8DA09B}"
EndProject
Project("{2150E333-8FDC-42A3-9474-1A3956D46DE8}") = "Solution Items", "Solution Items", "{FE6BCD5B-C75C-4B96-88A6-CB382B366E01}"
	ProjectSection(SolutionItems) = preProject
		.editorconfig = .editorconfig
	EndProjectSection
EndProject
Project("{2150E333-8FDC-42A3-9474-1A3956D46DE8}") = "Examples", "Examples", "{2A85AD2D-14D3-4915-BFDD-06FD2EAFA87F}"
EndProject
Project("{2150E333-8FDC-42A3-9474-1A3956D46DE8}") = "KitchenSink", "KitchenSink", "{173A2F0D-34BB-4A42-B705-3EF2EA26903F}"
EndProject
Project("{9A19103F-16F7-4668-BE54-9A1E7A4F7556}") = "KitchenSink.Windows", "Examples\KitchenSink\KitchenSink.Windows\KitchenSink.Windows.csproj", "{7795E5AF-61B8-491C-B180-4BE0DD80E732}"
EndProject
Project("{9A19103F-16F7-4668-BE54-9A1E7A4F7556}") = "KitchenSink.Wasm", "Examples\KitchenSink\KitchenSink.Wasm\KitchenSink.Wasm.csproj", "{3BB6D996-793C-4B29-9CC4-7D78A9343098}"
EndProject
Project("{D954291E-2A0B-460D-934E-DC6B0785DB48}") = "KitchenSink.Shared", "Examples\KitchenSink\KitchenSink.Shared\KitchenSink.Shared.shproj", "{E1A373C7-2BE5-4CDE-8BBC-40C61CCEDA9C}"
EndProject
Project("{D954291E-2A0B-460D-934E-DC6B0785DB48}") = "Maml.Shared", "Maml.Shared\Maml.Shared.shproj", "{F3FC51D9-EF75-4F98-B635-E2F8CC2A855E}"
EndProject
Global
	GlobalSection(SolutionConfigurationPlatforms) = preSolution
		Debug|Any CPU = Debug|Any CPU
		Debug|x64 = Debug|x64
		Debug|x86 = Debug|x86
		Release|Any CPU = Release|Any CPU
		Release|x64 = Release|x64
		Release|x86 = Release|x86
	EndGlobalSection
	GlobalSection(ProjectConfigurationPlatforms) = postSolution
		{D72ACC65-DD46-4F24-BFD0-9195CB25614D}.Debug|Any CPU.ActiveCfg = Debug|Any CPU
		{D72ACC65-DD46-4F24-BFD0-9195CB25614D}.Debug|Any CPU.Build.0 = Debug|Any CPU
		{D72ACC65-DD46-4F24-BFD0-9195CB25614D}.Debug|x64.ActiveCfg = Debug|x64
		{D72ACC65-DD46-4F24-BFD0-9195CB25614D}.Debug|x64.Build.0 = Debug|x64
		{D72ACC65-DD46-4F24-BFD0-9195CB25614D}.Debug|x86.ActiveCfg = Debug|x86
		{D72ACC65-DD46-4F24-BFD0-9195CB25614D}.Debug|x86.Build.0 = Debug|x86
		{D72ACC65-DD46-4F24-BFD0-9195CB25614D}.Release|Any CPU.ActiveCfg = Release|Any CPU
		{D72ACC65-DD46-4F24-BFD0-9195CB25614D}.Release|Any CPU.Build.0 = Release|Any CPU
		{D72ACC65-DD46-4F24-BFD0-9195CB25614D}.Release|x64.ActiveCfg = Release|x64
		{D72ACC65-DD46-4F24-BFD0-9195CB25614D}.Release|x64.Build.0 = Release|x64
		{D72ACC65-DD46-4F24-BFD0-9195CB25614D}.Release|x86.ActiveCfg = Release|x86
		{D72ACC65-DD46-4F24-BFD0-9195CB25614D}.Release|x86.Build.0 = Release|x86
		{7AAA3E0A-67D8-4B68-BDEB-172AED8DA09B}.Debug|Any CPU.ActiveCfg = Debug|Any CPU
		{7AAA3E0A-67D8-4B68-BDEB-172AED8DA09B}.Debug|Any CPU.Build.0 = Debug|Any CPU
		{7AAA3E0A-67D8-4B68-BDEB-172AED8DA09B}.Debug|x64.ActiveCfg = Debug|Any CPU
		{7AAA3E0A-67D8-4B68-BDEB-172AED8DA09B}.Debug|x64.Build.0 = Debug|Any CPU
		{7AAA3E0A-67D8-4B68-BDEB-172AED8DA09B}.Debug|x86.ActiveCfg = Debug|Any CPU
		{7AAA3E0A-67D8-4B68-BDEB-172AED8DA09B}.Debug|x86.Build.0 = Debug|Any CPU
		{7AAA3E0A-67D8-4B68-BDEB-172AED8DA09B}.Release|Any CPU.ActiveCfg = Release|Any CPU
		{7AAA3E0A-67D8-4B68-BDEB-172AED8DA09B}.Release|Any CPU.Build.0 = Release|Any CPU
		{7AAA3E0A-67D8-4B68-BDEB-172AED8DA09B}.Release|x64.ActiveCfg = Release|Any CPU
		{7AAA3E0A-67D8-4B68-BDEB-172AED8DA09B}.Release|x64.Build.0 = Release|Any CPU
		{7AAA3E0A-67D8-4B68-BDEB-172AED8DA09B}.Release|x86.ActiveCfg = Release|Any CPU
		{7AAA3E0A-67D8-4B68-BDEB-172AED8DA09B}.Release|x86.Build.0 = Release|Any CPU
		{7795E5AF-61B8-491C-B180-4BE0DD80E732}.Debug|Any CPU.ActiveCfg = Debug|Any CPU
		{7795E5AF-61B8-491C-B180-4BE0DD80E732}.Debug|Any CPU.Build.0 = Debug|Any CPU
		{7795E5AF-61B8-491C-B180-4BE0DD80E732}.Debug|x64.ActiveCfg = Debug|Any CPU
		{7795E5AF-61B8-491C-B180-4BE0DD80E732}.Debug|x64.Build.0 = Debug|Any CPU
		{7795E5AF-61B8-491C-B180-4BE0DD80E732}.Debug|x86.ActiveCfg = Debug|Any CPU
		{7795E5AF-61B8-491C-B180-4BE0DD80E732}.Debug|x86.Build.0 = Debug|Any CPU
		{7795E5AF-61B8-491C-B180-4BE0DD80E732}.Release|Any CPU.ActiveCfg = Release|Any CPU
		{7795E5AF-61B8-491C-B180-4BE0DD80E732}.Release|Any CPU.Build.0 = Release|Any CPU
		{7795E5AF-61B8-491C-B180-4BE0DD80E732}.Release|x64.ActiveCfg = Release|Any CPU
		{7795E5AF-61B8-491C-B180-4BE0DD80E732}.Release|x64.Build.0 = Release|Any CPU
		{7795E5AF-61B8-491C-B180-4BE0DD80E732}.Release|x86.ActiveCfg = Release|Any CPU
		{7795E5AF-61B8-491C-B180-4BE0DD80E732}.Release|x86.Build.0 = Release|Any CPU
		{3BB6D996-793C-4B29-9CC4-7D78A9343098}.Debug|Any CPU.ActiveCfg = Debug|Any CPU
		{3BB6D996-793C-4B29-9CC4-7D78A9343098}.Debug|Any CPU.Build.0 = Debug|Any CPU
		{3BB6D996-793C-4B29-9CC4-7D78A9343098}.Debug|x64.ActiveCfg = Debug|Any CPU
		{3BB6D996-793C-4B29-9CC4-7D78A9343098}.Debug|x64.Build.0 = Debug|Any CPU
		{3BB6D996-793C-4B29-9CC4-7D78A9343098}.Debug|x86.ActiveCfg = Debug|Any CPU
		{3BB6D996-793C-4B29-9CC4-7D78A9343098}.Debug|x86.Build.0 = Debug|Any CPU
		{3BB6D996-793C-4B29-9CC4-7D78A9343098}.Release|Any CPU.ActiveCfg = Release|Any CPU
		{3BB6D996-793C-4B29-9CC4-7D78A9343098}.Release|Any CPU.Build.0 = Release|Any CPU
		{3BB6D996-793C-4B29-9CC4-7D78A9343098}.Release|x64.ActiveCfg = Release|Any CPU
		{3BB6D996-793C-4B29-9CC4-7D78A9343098}.Release|x64.Build.0 = Release|Any CPU
		{3BB6D996-793C-4B29-9CC4-7D78A9343098}.Release|x86.ActiveCfg = Release|Any CPU
		{3BB6D996-793C-4B29-9CC4-7D78A9343098}.Release|x86.Build.0 = Release|Any CPU
	EndGlobalSection
	GlobalSection(SolutionProperties) = preSolution
		HideSolutionNode = FALSE
	EndGlobalSection
	GlobalSection(NestedProjects) = preSolution
		{D72ACC65-DD46-4F24-BFD0-9195CB25614D} = {12C01B6C-AE10-47F6-959A-13D3FDBE0FC1}
		{7AAA3E0A-67D8-4B68-BDEB-172AED8DA09B} = {12C01B6C-AE10-47F6-959A-13D3FDBE0FC1}
		{173A2F0D-34BB-4A42-B705-3EF2EA26903F} = {2A85AD2D-14D3-4915-BFDD-06FD2EAFA87F}
		{7795E5AF-61B8-491C-B180-4BE0DD80E732} = {173A2F0D-34BB-4A42-B705-3EF2EA26903F}
		{3BB6D996-793C-4B29-9CC4-7D78A9343098} = {173A2F0D-34BB-4A42-B705-3EF2EA26903F}
		{E1A373C7-2BE5-4CDE-8BBC-40C61CCEDA9C} = {173A2F0D-34BB-4A42-B705-3EF2EA26903F}
		{F3FC51D9-EF75-4F98-B635-E2F8CC2A855E} = {12C01B6C-AE10-47F6-959A-13D3FDBE0FC1}
	EndGlobalSection
	GlobalSection(ExtensibilityGlobals) = postSolution
		SolutionGuid = {49BDDA21-2560-43F3-8208-CBB18CB46D29}
	EndGlobalSection
	GlobalSection(SharedMSBuildProjectFiles) = preSolution
		Examples\KitchenSink\KitchenSink.Shared\KitchenSink.Shared.projitems*{3bb6d996-793c-4b29-9cc4-7d78a9343098}*SharedItemsImports = 5
		Examples\KitchenSink\KitchenSink.Shared\KitchenSink.Shared.projitems*{7795e5af-61b8-491c-b180-4be0dd80e732}*SharedItemsImports = 5
		Maml.Shared\Maml.Shared.projitems*{7aaa3e0a-67d8-4b68-bdeb-172aed8da09b}*SharedItemsImports = 5
		Maml.Shared\Maml.Shared.projitems*{d72acc65-dd46-4f24-bfd0-9195cb25614d}*SharedItemsImports = 5
		Examples\KitchenSink\KitchenSink.Shared\KitchenSink.Shared.projitems*{e1a373c7-2be5-4cde-8bbc-40c61cceda9c}*SharedItemsImports = 13
		Maml.Shared\Maml.Shared.projitems*{f3fc51d9-ef75-4f98-b635-e2f8cc2a855e}*SharedItemsImports = 13
	EndGlobalSection
EndGlobal
